
Microsoft Visual Studio Solution File, Format Version 12.00
# Visual Studio 15
VisualStudioVersion = 15.0.28307.489
MinimumVisualStudioVersion = 10.0.40219.1
Project("{FAE04EC0-301F-11D3-BF4B-00C04F79EFBC}") = "ilnessChecker", "ilnessChecker\ilnessChecker.csproj", "{9228ABD3-8C53-4812-B11D-4C84F8C22FAF}"
EndProject
Global
	GlobalSection(SolutionConfigurationPlatforms) = preSolution
		Debug|Any CPU = Debug|Any CPU
		Release|Any CPU = Release|Any CPU
	EndGlobalSection
	GlobalSection(ProjectConfigurationPlatforms) = postSolution
		{9228ABD3-8C53-4812-B11D-4C84F8C22FAF}.Debug|Any CPU.ActiveCfg = Debug|Any CPU
		{9228ABD3-8C53-4812-B11D-4C84F8C22FAF}.Debug|Any CPU.Build.0 = Debug|Any CPU
		{9228ABD3-8C53-4812-B11D-4C84F8C22FAF}.Release|Any CPU.ActiveCfg = Release|Any CPU
		{9228ABD3-8C53-4812-B11D-4C84F8C22FAF}.Release|Any CPU.Build.0 = Release|Any CPU
	EndGlobalSection
	GlobalSection(SolutionProperties) = preSolution
		HideSolutionNode = FALSE
	EndGlobalSection
	GlobalSection(ExtensibilityGlobals) = postSolution
		SolutionGuid = {ECDA7764-5CA5-4FB3-9A6D-E0B48B02AA00}
	EndGlobalSection
EndGlobal
